
Microsoft Visual Studio Solution File, Format Version 12.00
# Visual Studio Version 17
VisualStudioVersion = 17.2.32630.192
MinimumVisualStudioVersion = 10.0.40219.1
Project("{FAE04EC0-301F-11D3-BF4B-00C04F79EFBC}") = "CustomerOrderViewer2.0", "CustomerOrderViewer2.0\CustomerOrderViewer2.0.csproj", "{42E6BEE9-4642-4105-B1A6-B2FC054359C6}"
EndProject
Global
	GlobalSection(SolutionConfigurationPlatforms) = preSolution
		Debug|Any CPU = Debug|Any CPU
		Release|Any CPU = Release|Any CPU
	EndGlobalSection
	GlobalSection(ProjectConfigurationPlatforms) = postSolution
		{42E6BEE9-4642-4105-B1A6-B2FC054359C6}.Debug|Any CPU.ActiveCfg = Debug|Any CPU
		{42E6BEE9-4642-4105-B1A6-B2FC054359C6}.Debug|Any CPU.Build.0 = Debug|Any CPU
		{42E6BEE9-4642-4105-B1A6-B2FC054359C6}.Release|Any CPU.ActiveCfg = Release|Any CPU
		{42E6BEE9-4642-4105-B1A6-B2FC054359C6}.Release|Any CPU.Build.0 = Release|Any CPU
	EndGlobalSection
	GlobalSection(SolutionProperties) = preSolution
		HideSolutionNode = FALSE
	EndGlobalSection
	GlobalSection(ExtensibilityGlobals) = postSolution
		SolutionGuid = {5652F9AB-17EE-4E9A-86A6-6E59001D88D7}
	EndGlobalSection
EndGlobal
